
Microsoft Visual Studio Solution File, Format Version 11.00
# Visual Studio 2010
Project("{FAE04EC0-301F-11D3-BF4B-00C04F79EFBC}") = "ExeptionGenerator", "ExeptionGenerator\ExeptionGenerator.csproj", "{AE07C9A5-4615-4D0B-81DB-4128FB3F55C0}"
EndProject
Global
	GlobalSection(SolutionConfigurationPlatforms) = preSolution
		Debug|Any CPU = Debug|Any CPU
		Release|Any CPU = Release|Any CPU
	EndGlobalSection
	GlobalSection(ProjectConfigurationPlatforms) = postSolution
		{AE07C9A5-4615-4D0B-81DB-4128FB3F55C0}.Debug|Any CPU.ActiveCfg = Debug|Any CPU
		{AE07C9A5-4615-4D0B-81DB-4128FB3F55C0}.Debug|Any CPU.Build.0 = Debug|Any CPU
		{AE07C9A5-4615-4D0B-81DB-4128FB3F55C0}.Release|Any CPU.ActiveCfg = Release|Any CPU
		{AE07C9A5-4615-4D0B-81DB-4128FB3F55C0}.Release|Any CPU.Build.0 = Release|Any CPU
	EndGlobalSection
	GlobalSection(SolutionProperties) = preSolution
		HideSolutionNode = FALSE
	EndGlobalSection
EndGlobal
